
Microsoft Visual Studio Solution File, Format Version 12.00
# Visual Studio Version 17
VisualStudioVersion = 17.4.33205.214
MinimumVisualStudioVersion = 10.0.40219.1
Project("{FAE04EC0-301F-11D3-BF4B-00C04F79EFBC}") = "AsTool", "AsTool.csproj", "{F20E451C-0818-485A-BC91-A3DDD5626292}"
EndProject
Project("{FAE04EC0-301F-11D3-BF4B-00C04F79EFBC}") = "AsTool.Unity", "..\AsTool.Unity\AsTool.Unity.csproj", "{DC07D478-5FA5-4A31-8D9B-D913E2AE596D}"
EndProject
Global
	GlobalSection(SolutionConfigurationPlatforms) = preSolution
		Debug|Any CPU = Debug|Any CPU
		Release|Any CPU = Release|Any CPU
	EndGlobalSection
	GlobalSection(ProjectConfigurationPlatforms) = postSolution
		{F20E451C-0818-485A-BC91-A3DDD5626292}.Debug|Any CPU.ActiveCfg = Debug|Any CPU
		{F20E451C-0818-485A-BC91-A3DDD5626292}.Debug|Any CPU.Build.0 = Debug|Any CPU
		{F20E451C-0818-485A-BC91-A3DDD5626292}.Release|Any CPU.ActiveCfg = Release|Any CPU
		{F20E451C-0818-485A-BC91-A3DDD5626292}.Release|Any CPU.Build.0 = Release|Any CPU
		{DC07D478-5FA5-4A31-8D9B-D913E2AE596D}.Debug|Any CPU.ActiveCfg = Debug|Any CPU
		{DC07D478-5FA5-4A31-8D9B-D913E2AE596D}.Debug|Any CPU.Build.0 = Debug|Any CPU
		{DC07D478-5FA5-4A31-8D9B-D913E2AE596D}.Release|Any CPU.ActiveCfg = Release|Any CPU
		{DC07D478-5FA5-4A31-8D9B-D913E2AE596D}.Release|Any CPU.Build.0 = Release|Any CPU
	EndGlobalSection
	GlobalSection(SolutionProperties) = preSolution
		HideSolutionNode = FALSE
	EndGlobalSection
	GlobalSection(ExtensibilityGlobals) = postSolution
		SolutionGuid = {54C6A505-7BC9-437F-BEE3-0AB0F24A73D1}
	EndGlobalSection
EndGlobal
